
Microsoft Visual Studio Solution File, Format Version 10.00
# Visual Studio 2008
Project("{8BC9CEB8-8B4A-11D0-8D11-00A0C91BC942}") = "Decorator", "Decorator\Decorator.vcproj", "{F6B7D84A-8BAC-4700-B9D9-FAA3C0485F72}"
EndProject
Global
	GlobalSection(SolutionConfigurationPlatforms) = preSolution
		Debug|Win32 = Debug|Win32
		Release|Win32 = Release|Win32
	EndGlobalSection
	GlobalSection(ProjectConfigurationPlatforms) = postSolution
		{F6B7D84A-8BAC-4700-B9D9-FAA3C0485F72}.Debug|Win32.ActiveCfg = Debug|Win32
		{F6B7D84A-8BAC-4700-B9D9-FAA3C0485F72}.Debug|Win32.Build.0 = Debug|Win32
		{F6B7D84A-8BAC-4700-B9D9-FAA3C0485F72}.Release|Win32.ActiveCfg = Release|Win32
		{F6B7D84A-8BAC-4700-B9D9-FAA3C0485F72}.Release|Win32.Build.0 = Release|Win32
	EndGlobalSection
	GlobalSection(SolutionProperties) = preSolution
		HideSolutionNode = FALSE
	EndGlobalSection
EndGlobal
