
Microsoft Visual Studio Solution File, Format Version 10.00
# Visual Studio 2008
Project("{8BC9CEB8-8B4A-11D0-8D11-00A0C91BC942}") = "Adapter", "Adapter\Adapter.vcproj", "{98DF9143-7B5F-45FE-B500-38B08CD7E187}"
EndProject
Global
	GlobalSection(SolutionConfigurationPlatforms) = preSolution
		Debug|Win32 = Debug|Win32
		Release|Win32 = Release|Win32
	EndGlobalSection
	GlobalSection(ProjectConfigurationPlatforms) = postSolution
		{98DF9143-7B5F-45FE-B500-38B08CD7E187}.Debug|Win32.ActiveCfg = Debug|Win32
		{98DF9143-7B5F-45FE-B500-38B08CD7E187}.Debug|Win32.Build.0 = Debug|Win32
		{98DF9143-7B5F-45FE-B500-38B08CD7E187}.Release|Win32.ActiveCfg = Release|Win32
		{98DF9143-7B5F-45FE-B500-38B08CD7E187}.Release|Win32.Build.0 = Release|Win32
	EndGlobalSection
	GlobalSection(SolutionProperties) = preSolution
		HideSolutionNode = FALSE
	EndGlobalSection
EndGlobal
