
Microsoft Visual Studio Solution File, Format Version 10.00
# Visual Studio 2008
Project("{8BC9CEB8-8B4A-11D0-8D11-00A0C91BC942}") = "Game", "Game.vcproj", "{9EBE5C1F-A0F3-4C64-B278-D113A7373E02}"
	ProjectSection(ProjectDependencies) = postProject
		{2A75CF48-759A-4D54-9A67-182CEE9C9DCA} = {2A75CF48-759A-4D54-9A67-182CEE9C9DCA}
	EndProjectSection
EndProject
Project("{8BC9CEB8-8B4A-11D0-8D11-00A0C91BC942}") = "GameEngine", "..\GameEngine\GameEngine.vcproj", "{2A75CF48-759A-4D54-9A67-182CEE9C9DCA}"
EndProject
Global
	GlobalSection(SolutionConfigurationPlatforms) = preSolution
		Debug|Win32 = Debug|Win32
		Release|Win32 = Release|Win32
	EndGlobalSection
	GlobalSection(ProjectConfigurationPlatforms) = postSolution
		{9EBE5C1F-A0F3-4C64-B278-D113A7373E02}.Debug|Win32.ActiveCfg = Debug|Win32
		{9EBE5C1F-A0F3-4C64-B278-D113A7373E02}.Debug|Win32.Build.0 = Debug|Win32
		{9EBE5C1F-A0F3-4C64-B278-D113A7373E02}.Release|Win32.ActiveCfg = Release|Win32
		{9EBE5C1F-A0F3-4C64-B278-D113A7373E02}.Release|Win32.Build.0 = Release|Win32
		{2A75CF48-759A-4D54-9A67-182CEE9C9DCA}.Debug|Win32.ActiveCfg = Debug|Win32
		{2A75CF48-759A-4D54-9A67-182CEE9C9DCA}.Debug|Win32.Build.0 = Debug|Win32
		{2A75CF48-759A-4D54-9A67-182CEE9C9DCA}.Release|Win32.ActiveCfg = Release|Win32
		{2A75CF48-759A-4D54-9A67-182CEE9C9DCA}.Release|Win32.Build.0 = Release|Win32
	EndGlobalSection
	GlobalSection(SolutionProperties) = preSolution
		HideSolutionNode = FALSE
	EndGlobalSection
EndGlobal
